// !$*UTF8*$!
{
	archiveVersion = 1;
	classes = {
	};
	objectVersion = 46;
	objects = {

/* Begin PBXBuildFile section */
		A73018EC1D8C401A006C8B64 /* Main.storyboard in Resources */ = {isa = PBXBuildFile; fileRef = A73018EA1D8C401A006C8B64 /* Main.storyboard */; };
		A73018EE1D8C401A006C8B64 /* Assets.xcassets in Resources */ = {isa = PBXBuildFile; fileRef = A73018ED1D8C401A006C8B64 /* Assets.xcassets */; };
		A73018F11D8C401A006C8B64 /* LaunchScreen.storyboard in Resources */ = {isa = PBXBuildFile; fileRef = A73018EF1D8C401A006C8B64 /* LaunchScreen.storyboard */; };
		A73018FC1D8C401A006C8B64 /* TutorialApplicationTests.m in Sources */ = {isa = PBXBuildFile; fileRef = A73018FB1D8C401A006C8B64 /* TutorialApplicationTests.m */; };
		A730190E1D8C4249006C8B64 /* ViewController.m in Sources */ = {isa = PBXBuildFile; fileRef = A730190D1D8C4249006C8B64 /* ViewController.m */; };
		A73019131D8C425E006C8B64 /* AppDelegate.m in Sources */ = {isa = PBXBuildFile; fileRef = A73019101D8C425E006C8B64 /* AppDelegate.m */; };
		A73019151D8C425E006C8B64 /* main.m in Sources */ = {isa = PBXBuildFile; fileRef = A73019121D8C425E006C8B64 /* main.m */; };
		A76E39A21D8D214400BB7F80 /* FlieralAPIManager.m in Sources */ = {isa = PBXBuildFile; fileRef = A76E39A11D8D214400BB7F80 /* FlieralAPIManager.m */; };
		A76E39A81D8D277000BB7F80 /* RestAPI.m in Sources */ = {isa = PBXBuildFile; fileRef = A76E39A71D8D277000BB7F80 /* RestAPI.m */; };
		A76E39AC1D8D3FCB00BB7F80 /* PlacementModel.m in Sources */ = {isa = PBXBuildFile; fileRef = A76E39AB1D8D3FCB00BB7F80 /* PlacementModel.m */; };
		A76E39AF1D8D413100BB7F80 /* PlacementController.m in Sources */ = {isa = PBXBuildFile; fileRef = A76E39AE1D8D413100BB7F80 /* PlacementController.m */; };
		A76E39B31D8D542900BB7F80 /* FlieralSDKEngine.m in Sources */ = {isa = PBXBuildFile; fileRef = A76E39B21D8D542900BB7F80 /* FlieralSDKEngine.m */; };
		A76E39B61D8D76AD00BB7F80 /* FlieralPlacementManager.m in Sources */ = {isa = PBXBuildFile; fileRef = A76E39B51D8D76AD00BB7F80 /* FlieralPlacementManager.m */; };
		A76E39BA1D8D9AAE00BB7F80 /* NSQueue.m in Sources */ = {isa = PBXBuildFile; fileRef = A76E39B91D8D9AAE00BB7F80 /* NSQueue.m */; };
		A76E39BF1D8DA7A500BB7F80 /* LogService.m in Sources */ = {isa = PBXBuildFile; fileRef = A76E39BE1D8DA7A500BB7F80 /* LogService.m */; };
		A76E39C31D8DA8A800BB7F80 /* LogCenter.m in Sources */ = {isa = PBXBuildFile; fileRef = A76E39C21D8DA8A800BB7F80 /* LogCenter.m */; };
		A76E39C61D8E71A800BB7F80 /* APIManager.m in Sources */ = {isa = PBXBuildFile; fileRef = A76E39C51D8E71A800BB7F80 /* APIManager.m */; };
		A7F485261D92DBD60060A057 /* SystemConfiguration.framework in Frameworks */ = {isa = PBXBuildFile; fileRef = A7F485251D92DBD60060A057 /* SystemConfiguration.framework */; };
		A7F4852A1D92DC500060A057 /* Reachability.m in Sources */ = {isa = PBXBuildFile; fileRef = A7F485291D92DC500060A057 /* Reachability.m */; };
		A7F485311D92E00D0060A057 /* GBPing.m in Sources */ = {isa = PBXBuildFile; fileRef = A7F4852D1D92E00D0060A057 /* GBPing.m */; };
		A7F485321D92E00D0060A057 /* GBPingSummary.m in Sources */ = {isa = PBXBuildFile; fileRef = A7F4852F1D92E00D0060A057 /* GBPingSummary.m */; };
		A7F485351D92E07B0060A057 /* MonitorManager.m in Sources */ = {isa = PBXBuildFile; fileRef = A7F485341D92E07B0060A057 /* MonitorManager.m */; };
		C7959E6F29765692C5878A92 /* libPods-TutorialApplication.a in Frameworks */ = {isa = PBXBuildFile; fileRef = 778289F11D0747658E0E5584 /* libPods-TutorialApplication.a */; };
		F26141515A9189DC279FEDCA /* libPods-TutorialApplicationTests.a in Frameworks */ = {isa = PBXBuildFile; fileRef = E1FD52DF21D7FB84A644AA58 /* libPods-TutorialApplicationTests.a */; };
/* End PBXBuildFile section */

/* Begin PBXContainerItemProxy section */
		A73018F81D8C401A006C8B64 /* PBXContainerItemProxy */ = {
			isa = PBXContainerItemProxy;
			containerPortal = A73018D61D8C4019006C8B64 /* Project object */;
			proxyType = 1;
			remoteGlobalIDString = A73018DD1D8C4019006C8B64;
			remoteInfo = TutorialApplication;
		};
/* End PBXContainerItemProxy section */

/* Begin PBXFileReference section */
		5087DE1C507A411E2776DBC2 /* Pods-TutorialApplication.release.xcconfig */ = {isa = PBXFileReference; includeInIndex = 1; lastKnownFileType = text.xcconfig; name = "Pods-TutorialApplication.release.xcconfig"; path = "Pods/Target Support Files/Pods-TutorialApplication/Pods-TutorialApplication.release.xcconfig"; sourceTree = "<group>"; };
		747DFC81668D5EACE7140709 /* Pods-TutorialApplication.debug.xcconfig */ = {isa = PBXFileReference; includeInIndex = 1; lastKnownFileType = text.xcconfig; name = "Pods-TutorialApplication.debug.xcconfig"; path = "Pods/Target Support Files/Pods-TutorialApplication/Pods-TutorialApplication.debug.xcconfig"; sourceTree = "<group>"; };
		778289F11D0747658E0E5584 /* libPods-TutorialApplication.a */ = {isa = PBXFileReference; explicitFileType = archive.ar; includeInIndex = 0; path = "libPods-TutorialApplication.a"; sourceTree = BUILT_PRODUCTS_DIR; };
		83AB406B3A82A1568EBD329C /* Pods-TutorialApplicationTests.debug.xcconfig */ = {isa = PBXFileReference; includeInIndex = 1; lastKnownFileType = text.xcconfig; name = "Pods-TutorialApplicationTests.debug.xcconfig"; path = "Pods/Target Support Files/Pods-TutorialApplicationTests/Pods-TutorialApplicationTests.debug.xcconfig"; sourceTree = "<group>"; };
		A73018DE1D8C4019006C8B64 /* TutorialApplication.app */ = {isa = PBXFileReference; explicitFileType = wrapper.application; includeInIndex = 0; path = TutorialApplication.app; sourceTree = BUILT_PRODUCTS_DIR; };
		A73018EB1D8C401A006C8B64 /* Base */ = {isa = PBXFileReference; lastKnownFileType = file.storyboard; name = Base; path = Base.lproj/Main.storyboard; sourceTree = "<group>"; };
		A73018ED1D8C401A006C8B64 /* Assets.xcassets */ = {isa = PBXFileReference; lastKnownFileType = folder.assetcatalog; path = Assets.xcassets; sourceTree = "<group>"; };
		A73018F01D8C401A006C8B64 /* Base */ = {isa = PBXFileReference; lastKnownFileType = file.storyboard; name = Base; path = Base.lproj/LaunchScreen.storyboard; sourceTree = "<group>"; };
		A73018F71D8C401A006C8B64 /* TutorialApplicationTests.xctest */ = {isa = PBXFileReference; explicitFileType = wrapper.cfbundle; includeInIndex = 0; path = TutorialApplicationTests.xctest; sourceTree = BUILT_PRODUCTS_DIR; };
		A73018FB1D8C401A006C8B64 /* TutorialApplicationTests.m */ = {isa = PBXFileReference; lastKnownFileType = sourcecode.c.objc; path = TutorialApplicationTests.m; sourceTree = "<group>"; };
		A73018FD1D8C401A006C8B64 /* Info.plist */ = {isa = PBXFileReference; lastKnownFileType = text.plist.xml; path = Info.plist; sourceTree = "<group>"; };
		A730190C1D8C4249006C8B64 /* ViewController.h */ = {isa = PBXFileReference; fileEncoding = 4; lastKnownFileType = sourcecode.c.h; name = ViewController.h; path = Application/ViewController/ViewController.h; sourceTree = "<group>"; };
		A730190D1D8C4249006C8B64 /* ViewController.m */ = {isa = PBXFileReference; fileEncoding = 4; lastKnownFileType = sourcecode.c.objc; name = ViewController.m; path = Application/ViewController/ViewController.m; sourceTree = "<group>"; };
		A730190F1D8C425E006C8B64 /* AppDelegate.h */ = {isa = PBXFileReference; fileEncoding = 4; lastKnownFileType = sourcecode.c.h; name = AppDelegate.h; path = Application/Main/AppDelegate.h; sourceTree = "<group>"; };
		A73019101D8C425E006C8B64 /* AppDelegate.m */ = {isa = PBXFileReference; fileEncoding = 4; lastKnownFileType = sourcecode.c.objc; name = AppDelegate.m; path = Application/Main/AppDelegate.m; sourceTree = "<group>"; };
		A73019111D8C425E006C8B64 /* Info.plist */ = {isa = PBXFileReference; fileEncoding = 4; lastKnownFileType = text.plist.xml; name = Info.plist; path = Application/Main/Info.plist; sourceTree = "<group>"; };
		A73019121D8C425E006C8B64 /* main.m */ = {isa = PBXFileReference; fileEncoding = 4; lastKnownFileType = sourcecode.c.objc; name = main.m; path = Application/Main/main.m; sourceTree = "<group>"; };
		A76E39A01D8D214400BB7F80 /* FlieralAPIManager.h */ = {isa = PBXFileReference; fileEncoding = 4; lastKnownFileType = sourcecode.c.h; name = FlieralAPIManager.h; path = SDK/RestAPI/FlieralAPIManager.h; sourceTree = "<group>"; };
		A76E39A11D8D214400BB7F80 /* FlieralAPIManager.m */ = {isa = PBXFileReference; fileEncoding = 4; lastKnownFileType = sourcecode.c.objc; name = FlieralAPIManager.m; path = SDK/RestAPI/FlieralAPIManager.m; sourceTree = "<group>"; };
		A76E39A61D8D277000BB7F80 /* RestAPI.h */ = {isa = PBXFileReference; fileEncoding = 4; lastKnownFileType = sourcecode.c.h; name = RestAPI.h; path = SDK/RestAPI/RestAPI.h; sourceTree = "<group>"; };
		A76E39A71D8D277000BB7F80 /* RestAPI.m */ = {isa = PBXFileReference; fileEncoding = 4; lastKnownFileType = sourcecode.c.objc; name = RestAPI.m; path = SDK/RestAPI/RestAPI.m; sourceTree = "<group>"; };
		A76E39AA1D8D3FCB00BB7F80 /* PlacementModel.h */ = {isa = PBXFileReference; fileEncoding = 4; lastKnownFileType = sourcecode.c.h; name = PlacementModel.h; path = SDK/Placement/PlacementModel.h; sourceTree = "<group>"; };
		A76E39AB1D8D3FCB00BB7F80 /* PlacementModel.m */ = {isa = PBXFileReference; fileEncoding = 4; lastKnownFileType = sourcecode.c.objc; name = PlacementModel.m; path = SDK/Placement/PlacementModel.m; sourceTree = "<group>"; };
		A76E39AD1D8D413100BB7F80 /* PlacementController.h */ = {isa = PBXFileReference; fileEncoding = 4; lastKnownFileType = sourcecode.c.h; name = PlacementController.h; path = SDK/Placement/PlacementController.h; sourceTree = "<group>"; };
		A76E39AE1D8D413100BB7F80 /* PlacementController.m */ = {isa = PBXFileReference; fileEncoding = 4; lastKnownFileType = sourcecode.c.objc; name = PlacementController.m; path = SDK/Placement/PlacementController.m; sourceTree = "<group>"; };
		A76E39B11D8D542900BB7F80 /* FlieralSDKEngine.h */ = {isa = PBXFileReference; fileEncoding = 4; lastKnownFileType = sourcecode.c.h; name = FlieralSDKEngine.h; path = SDK/Engine/FlieralSDKEngine.h; sourceTree = "<group>"; };
		A76E39B21D8D542900BB7F80 /* FlieralSDKEngine.m */ = {isa = PBXFileReference; fileEncoding = 4; lastKnownFileType = sourcecode.c.objc; name = FlieralSDKEngine.m; path = SDK/Engine/FlieralSDKEngine.m; sourceTree = "<group>"; };
		A76E39B41D8D76AD00BB7F80 /* FlieralPlacementManager.h */ = {isa = PBXFileReference; fileEncoding = 4; lastKnownFileType = sourcecode.c.h; name = FlieralPlacementManager.h; path = SDK/Engine/FlieralPlacementManager.h; sourceTree = "<group>"; };
		A76E39B51D8D76AD00BB7F80 /* FlieralPlacementManager.m */ = {isa = PBXFileReference; fileEncoding = 4; lastKnownFileType = sourcecode.c.objc; name = FlieralPlacementManager.m; path = SDK/Engine/FlieralPlacementManager.m; sourceTree = "<group>"; };
		A76E39B81D8D9AAE00BB7F80 /* NSQueue.h */ = {isa = PBXFileReference; fileEncoding = 4; lastKnownFileType = sourcecode.c.h; name = NSQueue.h; path = SDK/Extension/NSQueue.h; sourceTree = "<group>"; };
		A76E39B91D8D9AAE00BB7F80 /* NSQueue.m */ = {isa = PBXFileReference; fileEncoding = 4; lastKnownFileType = sourcecode.c.objc; name = NSQueue.m; path = SDK/Extension/NSQueue.m; sourceTree = "<group>"; };
		A76E39BD1D8DA7A500BB7F80 /* LogService.h */ = {isa = PBXFileReference; fileEncoding = 4; lastKnownFileType = sourcecode.c.h; name = LogService.h; path = SDK/Extension/Logger/Model/LogService.h; sourceTree = "<group>"; };
		A76E39BE1D8DA7A500BB7F80 /* LogService.m */ = {isa = PBXFileReference; fileEncoding = 4; lastKnownFileType = sourcecode.c.objc; name = LogService.m; path = SDK/Extension/Logger/Model/LogService.m; sourceTree = "<group>"; };
		A76E39C11D8DA8A800BB7F80 /* LogCenter.h */ = {isa = PBXFileReference; fileEncoding = 4; lastKnownFileType = sourcecode.c.h; name = LogCenter.h; path = SDK/Extension/Logger/Controller/LogCenter.h; sourceTree = "<group>"; };
		A76E39C21D8DA8A800BB7F80 /* LogCenter.m */ = {isa = PBXFileReference; fileEncoding = 4; lastKnownFileType = sourcecode.c.objc; name = LogCenter.m; path = SDK/Extension/Logger/Controller/LogCenter.m; sourceTree = "<group>"; };
		A76E39C41D8E71A800BB7F80 /* APIManager.h */ = {isa = PBXFileReference; fileEncoding = 4; lastKnownFileType = sourcecode.c.h; name = APIManager.h; path = SDK/RestAPI/APIManager.h; sourceTree = "<group>"; };
		A76E39C51D8E71A800BB7F80 /* APIManager.m */ = {isa = PBXFileReference; fileEncoding = 4; lastKnownFileType = sourcecode.c.objc; name = APIManager.m; path = SDK/RestAPI/APIManager.m; sourceTree = "<group>"; };
		A7F485251D92DBD60060A057 /* SystemConfiguration.framework */ = {isa = PBXFileReference; lastKnownFileType = wrapper.framework; name = SystemConfiguration.framework; path = System/Library/Frameworks/SystemConfiguration.framework; sourceTree = SDKROOT; };
		A7F485281D92DC500060A057 /* Reachability.h */ = {isa = PBXFileReference; fileEncoding = 4; lastKnownFileType = sourcecode.c.h; name = Reachability.h; path = SDK/Extension/Reachability/Reachability.h; sourceTree = "<group>"; };
		A7F485291D92DC500060A057 /* Reachability.m */ = {isa = PBXFileReference; fileEncoding = 4; lastKnownFileType = sourcecode.c.objc; name = Reachability.m; path = SDK/Extension/Reachability/Reachability.m; sourceTree = "<group>"; };
		A7F4852C1D92E00D0060A057 /* GBPing.h */ = {isa = PBXFileReference; fileEncoding = 4; lastKnownFileType = sourcecode.c.h; name = GBPing.h; path = SDK/Extension/Monitoring/GBPing.h; sourceTree = "<group>"; };
		A7F4852D1D92E00D0060A057 /* GBPing.m */ = {isa = PBXFileReference; fileEncoding = 4; lastKnownFileType = sourcecode.c.objc; name = GBPing.m; path = SDK/Extension/Monitoring/GBPing.m; sourceTree = "<group>"; };
		A7F4852E1D92E00D0060A057 /* GBPingSummary.h */ = {isa = PBXFileReference; fileEncoding = 4; lastKnownFileType = sourcecode.c.h; name = GBPingSummary.h; path = SDK/Extension/Monitoring/GBPingSummary.h; sourceTree = "<group>"; };
		A7F4852F1D92E00D0060A057 /* GBPingSummary.m */ = {isa = PBXFileReference; fileEncoding = 4; lastKnownFileType = sourcecode.c.objc; name = GBPingSummary.m; path = SDK/Extension/Monitoring/GBPingSummary.m; sourceTree = "<group>"; };
		A7F485301D92E00D0060A057 /* ICMPHeader.h */ = {isa = PBXFileReference; fileEncoding = 4; lastKnownFileType = sourcecode.c.h; name = ICMPHeader.h; path = SDK/Extension/Monitoring/ICMPHeader.h; sourceTree = "<group>"; };
		A7F485331D92E07B0060A057 /* MonitorManager.h */ = {isa = PBXFileReference; fileEncoding = 4; lastKnownFileType = sourcecode.c.h; name = MonitorManager.h; path = SDK/Extension/Monitoring/MonitorManager.h; sourceTree = "<group>"; };
		A7F485341D92E07B0060A057 /* MonitorManager.m */ = {isa = PBXFileReference; fileEncoding = 4; lastKnownFileType = sourcecode.c.objc; name = MonitorManager.m; path = SDK/Extension/Monitoring/MonitorManager.m; sourceTree = "<group>"; };
		E1FD52DF21D7FB84A644AA58 /* libPods-TutorialApplicationTests.a */ = {isa = PBXFileReference; explicitFileType = archive.ar; includeInIndex = 0; path = "libPods-TutorialApplicationTests.a"; sourceTree = BUILT_PRODUCTS_DIR; };
		FC6C8F9DE394203EE2EE402B /* Pods-TutorialApplicationTests.release.xcconfig */ = {isa = PBXFileReference; includeInIndex = 1; lastKnownFileType = text.xcconfig; name = "Pods-TutorialApplicationTests.release.xcconfig"; path = "Pods/Target Support Files/Pods-TutorialApplicationTests/Pods-TutorialApplicationTests.release.xcconfig"; sourceTree = "<group>"; };
/* End PBXFileReference section */

/* Begin PBXFrameworksBuildPhase section */
		A73018DB1D8C4019006C8B64 /* Frameworks */ = {
			isa = PBXFrameworksBuildPhase;
			buildActionMask = 2147483647;
			files = (
				A7F485261D92DBD60060A057 /* SystemConfiguration.framework in Frameworks */,
				C7959E6F29765692C5878A92 /* libPods-TutorialApplication.a in Frameworks */,
			);
			runOnlyForDeploymentPostprocessing = 0;
		};
		A73018F41D8C401A006C8B64 /* Frameworks */ = {
			isa = PBXFrameworksBuildPhase;
			buildActionMask = 2147483647;
			files = (
				F26141515A9189DC279FEDCA /* libPods-TutorialApplicationTests.a in Frameworks */,
			);
			runOnlyForDeploymentPostprocessing = 0;
		};
/* End PBXFrameworksBuildPhase section */

/* Begin PBXGroup section */
		5402E90B466D0A70860ED7E2 /* Frameworks */ = {
			isa = PBXGroup;
			children = (
				A7F485251D92DBD60060A057 /* SystemConfiguration.framework */,
				778289F11D0747658E0E5584 /* libPods-TutorialApplication.a */,
				E1FD52DF21D7FB84A644AA58 /* libPods-TutorialApplicationTests.a */,
			);
			name = Frameworks;
			sourceTree = "<group>";
		};
		9B630CD47BB15092E7610A61 /* Pods */ = {
			isa = PBXGroup;
			children = (
				747DFC81668D5EACE7140709 /* Pods-TutorialApplication.debug.xcconfig */,
				5087DE1C507A411E2776DBC2 /* Pods-TutorialApplication.release.xcconfig */,
				83AB406B3A82A1568EBD329C /* Pods-TutorialApplicationTests.debug.xcconfig */,
				FC6C8F9DE394203EE2EE402B /* Pods-TutorialApplicationTests.release.xcconfig */,
			);
			name = Pods;
			sourceTree = "<group>";
		};
		A73018D51D8C4019006C8B64 = {
			isa = PBXGroup;
			children = (
				A73018E01D8C4019006C8B64 /* TutorialApplication */,
				A73018FA1D8C401A006C8B64 /* TutorialApplicationTests */,
				A73018DF1D8C4019006C8B64 /* Products */,
				9B630CD47BB15092E7610A61 /* Pods */,
				5402E90B466D0A70860ED7E2 /* Frameworks */,
			);
			sourceTree = "<group>";
		};
		A73018DF1D8C4019006C8B64 /* Products */ = {
			isa = PBXGroup;
			children = (
				A73018DE1D8C4019006C8B64 /* TutorialApplication.app */,
				A73018F71D8C401A006C8B64 /* TutorialApplicationTests.xctest */,
			);
			name = Products;
			sourceTree = "<group>";
		};
		A73018E01D8C4019006C8B64 /* TutorialApplication */ = {
			isa = PBXGroup;
			children = (
				A730190B1D8C41CA006C8B64 /* SDK */,
				A73019061D8C4167006C8B64 /* Application */,
			);
			path = TutorialApplication;
			sourceTree = "<group>";
		};
		A73018FA1D8C401A006C8B64 /* TutorialApplicationTests */ = {
			isa = PBXGroup;
			children = (
				A73018FB1D8C401A006C8B64 /* TutorialApplicationTests.m */,
				A73018FD1D8C401A006C8B64 /* Info.plist */,
			);
			path = TutorialApplicationTests;
			sourceTree = "<group>";
		};
		A73019061D8C4167006C8B64 /* Application */ = {
			isa = PBXGroup;
			children = (
				A730190A1D8C419C006C8B64 /* ViewController */,
				A73019091D8C4195006C8B64 /* View */,
				A73019081D8C418F006C8B64 /* Main */,
				A73019071D8C417D006C8B64 /* Model */,
			);
			name = Application;
			sourceTree = "<group>";
		};
		A73019071D8C417D006C8B64 /* Model */ = {
			isa = PBXGroup;
			children = (
			);
			name = Model;
			sourceTree = "<group>";
		};
		A73019081D8C418F006C8B64 /* Main */ = {
			isa = PBXGroup;
			children = (
				A730190F1D8C425E006C8B64 /* AppDelegate.h */,
				A73019101D8C425E006C8B64 /* AppDelegate.m */,
				A73019111D8C425E006C8B64 /* Info.plist */,
				A73019121D8C425E006C8B64 /* main.m */,
				A73018ED1D8C401A006C8B64 /* Assets.xcassets */,
			);
			name = Main;
			sourceTree = "<group>";
		};
		A73019091D8C4195006C8B64 /* View */ = {
			isa = PBXGroup;
			children = (
				A73018EA1D8C401A006C8B64 /* Main.storyboard */,
				A73018EF1D8C401A006C8B64 /* LaunchScreen.storyboard */,
			);
			name = View;
			sourceTree = "<group>";
		};
		A730190A1D8C419C006C8B64 /* ViewController */ = {
			isa = PBXGroup;
			children = (
				A730190C1D8C4249006C8B64 /* ViewController.h */,
				A730190D1D8C4249006C8B64 /* ViewController.m */,
			);
			name = ViewController;
			sourceTree = "<group>";
		};
		A730190B1D8C41CA006C8B64 /* SDK */ = {
			isa = PBXGroup;
			children = (
				A76E39B71D8D7DAC00BB7F80 /* Extension */,
				A76E39B01D8D531F00BB7F80 /* Engine */,
				A76E39A91D8D3E3900BB7F80 /* Placement */,
				A76E399F1D8D20F700BB7F80 /* RestAPI */,
			);
			name = SDK;
			sourceTree = "<group>";
		};
		A76E399F1D8D20F700BB7F80 /* RestAPI */ = {
			isa = PBXGroup;
			children = (
				A76E39A01D8D214400BB7F80 /* FlieralAPIManager.h */,
				A76E39A11D8D214400BB7F80 /* FlieralAPIManager.m */,
				A76E39A61D8D277000BB7F80 /* RestAPI.h */,
				A76E39A71D8D277000BB7F80 /* RestAPI.m */,
				A76E39C41D8E71A800BB7F80 /* APIManager.h */,
				A76E39C51D8E71A800BB7F80 /* APIManager.m */,
			);
			name = RestAPI;
			sourceTree = "<group>";
		};
		A76E39A91D8D3E3900BB7F80 /* Placement */ = {
			isa = PBXGroup;
			children = (
				A76E39AA1D8D3FCB00BB7F80 /* PlacementModel.h */,
				A76E39AB1D8D3FCB00BB7F80 /* PlacementModel.m */,
				A76E39AD1D8D413100BB7F80 /* PlacementController.h */,
				A76E39AE1D8D413100BB7F80 /* PlacementController.m */,
			);
			name = Placement;
			sourceTree = "<group>";
		};
		A76E39B01D8D531F00BB7F80 /* Engine */ = {
			isa = PBXGroup;
			children = (
				A76E39B11D8D542900BB7F80 /* FlieralSDKEngine.h */,
				A76E39B21D8D542900BB7F80 /* FlieralSDKEngine.m */,
				A76E39B41D8D76AD00BB7F80 /* FlieralPlacementManager.h */,
				A76E39B51D8D76AD00BB7F80 /* FlieralPlacementManager.m */,
			);
			name = Engine;
			sourceTree = "<group>";
		};
		A76E39B71D8D7DAC00BB7F80 /* Extension */ = {
			isa = PBXGroup;
			children = (
				A7F4852B1D92DFF40060A057 /* Monitoring */,
				A7F485271D92DBE10060A057 /* Reachability */,
				A76E39BB1D8DA73300BB7F80 /* Logger */,
				A76E39B81D8D9AAE00BB7F80 /* NSQueue.h */,
				A76E39B91D8D9AAE00BB7F80 /* NSQueue.m */,
			);
			name = Extension;
			sourceTree = "<group>";
		};
		A76E39BB1D8DA73300BB7F80 /* Logger */ = {
			isa = PBXGroup;
			children = (
				A76E39C01D8DA89100BB7F80 /* Controller */,
				A76E39BC1D8DA79600BB7F80 /* Model */,
			);
			name = Logger;
			sourceTree = "<group>";
		};
		A76E39BC1D8DA79600BB7F80 /* Model */ = {
			isa = PBXGroup;
			children = (
				A76E39BD1D8DA7A500BB7F80 /* LogService.h */,
				A76E39BE1D8DA7A500BB7F80 /* LogService.m */,
			);
			name = Model;
			sourceTree = "<group>";
		};
		A76E39C01D8DA89100BB7F80 /* Controller */ = {
			isa = PBXGroup;
			children = (
				A76E39C11D8DA8A800BB7F80 /* LogCenter.h */,
				A76E39C21D8DA8A800BB7F80 /* LogCenter.m */,
			);
			name = Controller;
			sourceTree = "<group>";
		};
		A7F485271D92DBE10060A057 /* Reachability */ = {
			isa = PBXGroup;
			children = (
				A7F485281D92DC500060A057 /* Reachability.h */,
				A7F485291D92DC500060A057 /* Reachability.m */,
			);
			name = Reachability;
			sourceTree = "<group>";
		};
		A7F4852B1D92DFF40060A057 /* Monitoring */ = {
			isa = PBXGroup;
			children = (
				A7F4852C1D92E00D0060A057 /* GBPing.h */,
				A7F4852D1D92E00D0060A057 /* GBPing.m */,
				A7F4852E1D92E00D0060A057 /* GBPingSummary.h */,
				A7F4852F1D92E00D0060A057 /* GBPingSummary.m */,
				A7F485301D92E00D0060A057 /* ICMPHeader.h */,
				A7F485331D92E07B0060A057 /* MonitorManager.h */,
				A7F485341D92E07B0060A057 /* MonitorManager.m */,
			);
			name = Monitoring;
			sourceTree = "<group>";
		};
/* End PBXGroup section */

/* Begin PBXNativeTarget section */
		A73018DD1D8C4019006C8B64 /* TutorialApplication */ = {
			isa = PBXNativeTarget;
			buildConfigurationList = A73019001D8C401A006C8B64 /* Build configuration list for PBXNativeTarget "TutorialApplication" */;
			buildPhases = (
				6759BE4C90AC0F1131395BE2 /* [CP] Check Pods Manifest.lock */,
				A73018DA1D8C4019006C8B64 /* Sources */,
				A73018DB1D8C4019006C8B64 /* Frameworks */,
				A73018DC1D8C4019006C8B64 /* Resources */,
				5471BA7B52DF62CCF191F955 /* [CP] Embed Pods Frameworks */,
				B629ACCA175FC0B3756FB25E /* [CP] Copy Pods Resources */,
			);
			buildRules = (
			);
			dependencies = (
			);
			name = TutorialApplication;
			productName = TutorialApplication;
			productReference = A73018DE1D8C4019006C8B64 /* TutorialApplication.app */;
			productType = "com.apple.product-type.application";
		};
		A73018F61D8C401A006C8B64 /* TutorialApplicationTests */ = {
			isa = PBXNativeTarget;
			buildConfigurationList = A73019031D8C401A006C8B64 /* Build configuration list for PBXNativeTarget "TutorialApplicationTests" */;
			buildPhases = (
				886905BEA235971788FA84B0 /* [CP] Check Pods Manifest.lock */,
				A73018F31D8C401A006C8B64 /* Sources */,
				A73018F41D8C401A006C8B64 /* Frameworks */,
				A73018F51D8C401A006C8B64 /* Resources */,
				D445B9D2E9D4895F56F62332 /* [CP] Embed Pods Frameworks */,
				EE69DCE1B84565DB07FF9C4D /* [CP] Copy Pods Resources */,
			);
			buildRules = (
			);
			dependencies = (
				A73018F91D8C401A006C8B64 /* PBXTargetDependency */,
			);
			name = TutorialApplicationTests;
			productName = TutorialApplicationTests;
			productReference = A73018F71D8C401A006C8B64 /* TutorialApplicationTests.xctest */;
			productType = "com.apple.product-type.bundle.unit-test";
		};
/* End PBXNativeTarget section */

/* Begin PBXProject section */
		A73018D61D8C4019006C8B64 /* Project object */ = {
			isa = PBXProject;
			attributes = {
				LastUpgradeCheck = 0800;
				ORGANIZATIONNAME = "Flieral Inc.";
				TargetAttributes = {
					A73018DD1D8C4019006C8B64 = {
						CreatedOnToolsVersion = 8.0;
						DevelopmentTeam = KJFB7R3TBL;
						ProvisioningStyle = Automatic;
					};
					A73018F61D8C401A006C8B64 = {
						CreatedOnToolsVersion = 8.0;
						DevelopmentTeam = KJFB7R3TBL;
						ProvisioningStyle = Automatic;
						TestTargetID = A73018DD1D8C4019006C8B64;
					};
				};
			};
			buildConfigurationList = A73018D91D8C4019006C8B64 /* Build configuration list for PBXProject "TutorialApplication" */;
			compatibilityVersion = "Xcode 3.2";
			developmentRegion = English;
			hasScannedForEncodings = 0;
			knownRegions = (
				en,
				Base,
			);
			mainGroup = A73018D51D8C4019006C8B64;
			productRefGroup = A73018DF1D8C4019006C8B64 /* Products */;
			projectDirPath = "";
			projectRoot = "";
			targets = (
				A73018DD1D8C4019006C8B64 /* TutorialApplication */,
				A73018F61D8C401A006C8B64 /* TutorialApplicationTests */,
			);
		};
/* End PBXProject section */

/* Begin PBXResourcesBuildPhase section */
		A73018DC1D8C4019006C8B64 /* Resources */ = {
			isa = PBXResourcesBuildPhase;
			buildActionMask = 2147483647;
			files = (
				A73018F11D8C401A006C8B64 /* LaunchScreen.storyboard in Resources */,
				A73018EE1D8C401A006C8B64 /* Assets.xcassets in Resources */,
				A73018EC1D8C401A006C8B64 /* Main.storyboard in Resources */,
			);
			runOnlyForDeploymentPostprocessing = 0;
		};
		A73018F51D8C401A006C8B64 /* Resources */ = {
			isa = PBXResourcesBuildPhase;
			buildActionMask = 2147483647;
			files = (
			);
			runOnlyForDeploymentPostprocessing = 0;
		};
/* End PBXResourcesBuildPhase section */

/* Begin PBXShellScriptBuildPhase section */
		5471BA7B52DF62CCF191F955 /* [CP] Embed Pods Frameworks */ = {
			isa = PBXShellScriptBuildPhase;
			buildActionMask = 2147483647;
			files = (
			);
			inputPaths = (
			);
			name = "[CP] Embed Pods Frameworks";
			outputPaths = (
			);
			runOnlyForDeploymentPostprocessing = 0;
			shellPath = /bin/sh;
			shellScript = "\"${SRCROOT}/Pods/Target Support Files/Pods-TutorialApplication/Pods-TutorialApplication-frameworks.sh\"\n";
			showEnvVarsInLog = 0;
		};
		6759BE4C90AC0F1131395BE2 /* [CP] Check Pods Manifest.lock */ = {
			isa = PBXShellScriptBuildPhase;
			buildActionMask = 2147483647;
			files = (
			);
			inputPaths = (
			);
			name = "[CP] Check Pods Manifest.lock";
			outputPaths = (
			);
			runOnlyForDeploymentPostprocessing = 0;
			shellPath = /bin/sh;
			shellScript = "diff \"${PODS_ROOT}/../Podfile.lock\" \"${PODS_ROOT}/Manifest.lock\" > /dev/null\nif [[ $? != 0 ]] ; then\n    cat << EOM\nerror: The sandbox is not in sync with the Podfile.lock. Run 'pod install' or update your CocoaPods installation.\nEOM\n    exit 1\nfi\n";
			showEnvVarsInLog = 0;
		};
		886905BEA235971788FA84B0 /* [CP] Check Pods Manifest.lock */ = {
			isa = PBXShellScriptBuildPhase;
			buildActionMask = 2147483647;
			files = (
			);
			inputPaths = (
			);
			name = "[CP] Check Pods Manifest.lock";
			outputPaths = (
			);
			runOnlyForDeploymentPostprocessing = 0;
			shellPath = /bin/sh;
			shellScript = "diff \"${PODS_ROOT}/../Podfile.lock\" \"${PODS_ROOT}/Manifest.lock\" > /dev/null\nif [[ $? != 0 ]] ; then\n    cat << EOM\nerror: The sandbox is not in sync with the Podfile.lock. Run 'pod install' or update your CocoaPods installation.\nEOM\n    exit 1\nfi\n";
			showEnvVarsInLog = 0;
		};
		B629ACCA175FC0B3756FB25E /* [CP] Copy Pods Resources */ = {
			isa = PBXShellScriptBuildPhase;
			buildActionMask = 2147483647;
			files = (
			);
			inputPaths = (
			);
			name = "[CP] Copy Pods Resources";
			outputPaths = (
			);
			runOnlyForDeploymentPostprocessing = 0;
			shellPath = /bin/sh;
			shellScript = "\"${SRCROOT}/Pods/Target Support Files/Pods-TutorialApplication/Pods-TutorialApplication-resources.sh\"\n";
			showEnvVarsInLog = 0;
		};
		D445B9D2E9D4895F56F62332 /* [CP] Embed Pods Frameworks */ = {
			isa = PBXShellScriptBuildPhase;
			buildActionMask = 2147483647;
			files = (
			);
			inputPaths = (
			);
			name = "[CP] Embed Pods Frameworks";
			outputPaths = (
			);
			runOnlyForDeploymentPostprocessing = 0;
			shellPath = /bin/sh;
			shellScript = "\"${SRCROOT}/Pods/Target Support Files/Pods-TutorialApplicationTests/Pods-TutorialApplicationTests-frameworks.sh\"\n";
			showEnvVarsInLog = 0;
		};
		EE69DCE1B84565DB07FF9C4D /* [CP] Copy Pods Resources */ = {
			isa = PBXShellScriptBuildPhase;
			buildActionMask = 2147483647;
			files = (
			);
			inputPaths = (
			);
			name = "[CP] Copy Pods Resources";
			outputPaths = (
			);
			runOnlyForDeploymentPostprocessing = 0;
			shellPath = /bin/sh;
			shellScript = "\"${SRCROOT}/Pods/Target Support Files/Pods-TutorialApplicationTests/Pods-TutorialApplicationTests-resources.sh\"\n";
			showEnvVarsInLog = 0;
		};
/* End PBXShellScriptBuildPhase section */

/* Begin PBXSourcesBuildPhase section */
		A73018DA1D8C4019006C8B64 /* Sources */ = {
			isa = PBXSourcesBuildPhase;
			buildActionMask = 2147483647;
			files = (
				A73019131D8C425E006C8B64 /* AppDelegate.m in Sources */,
				A76E39AC1D8D3FCB00BB7F80 /* PlacementModel.m in Sources */,
				A76E39BA1D8D9AAE00BB7F80 /* NSQueue.m in Sources */,
				A73019151D8C425E006C8B64 /* main.m in Sources */,
				A7F4852A1D92DC500060A057 /* Reachability.m in Sources */,
				A76E39A81D8D277000BB7F80 /* RestAPI.m in Sources */,
				A76E39B31D8D542900BB7F80 /* FlieralSDKEngine.m in Sources */,
				A76E39AF1D8D413100BB7F80 /* PlacementController.m in Sources */,
				A76E39A21D8D214400BB7F80 /* FlieralAPIManager.m in Sources */,
				A7F485311D92E00D0060A057 /* GBPing.m in Sources */,
				A76E39C31D8DA8A800BB7F80 /* LogCenter.m in Sources */,
				A76E39C61D8E71A800BB7F80 /* APIManager.m in Sources */,
				A76E39B61D8D76AD00BB7F80 /* FlieralPlacementManager.m in Sources */,
				A7F485321D92E00D0060A057 /* GBPingSummary.m in Sources */,
				A76E39BF1D8DA7A500BB7F80 /* LogService.m in Sources */,
				A7F485351D92E07B0060A057 /* MonitorManager.m in Sources */,
				A730190E1D8C4249006C8B64 /* ViewController.m in Sources */,
			);
			runOnlyForDeploymentPostprocessing = 0;
		};
		A73018F31D8C401A006C8B64 /* Sources */ = {
			isa = PBXSourcesBuildPhase;
			buildActionMask = 2147483647;
			files = (
				A73018FC1D8C401A006C8B64 /* TutorialApplicationTests.m in Sources */,
			);
			runOnlyForDeploymentPostprocessing = 0;
		};
/* End PBXSourcesBuildPhase section */

/* Begin PBXTargetDependency section */
		A73018F91D8C401A006C8B64 /* PBXTargetDependency */ = {
			isa = PBXTargetDependency;
			target = A73018DD1D8C4019006C8B64 /* TutorialApplication */;
			targetProxy = A73018F81D8C401A006C8B64 /* PBXContainerItemProxy */;
		};
/* End PBXTargetDependency section */

/* Begin PBXVariantGroup section */
		A73018EA1D8C401A006C8B64 /* Main.storyboard */ = {
			isa = PBXVariantGroup;
			children = (
				A73018EB1D8C401A006C8B64 /* Base */,
			);
			name = Main.storyboard;
			sourceTree = "<group>";
		};
		A73018EF1D8C401A006C8B64 /* LaunchScreen.storyboard */ = {
			isa = PBXVariantGroup;
			children = (
				A73018F01D8C401A006C8B64 /* Base */,
			);
			name = LaunchScreen.storyboard;
			sourceTree = "<group>";
		};
/* End PBXVariantGroup section */

/* Begin XCBuildConfiguration section */
		A73018FE1D8C401A006C8B64 /* Debug */ = {
			isa = XCBuildConfiguration;
			buildSettings = {
				ALWAYS_SEARCH_USER_PATHS = NO;
				CLANG_ANALYZER_NONNULL = YES;
				CLANG_CXX_LANGUAGE_STANDARD = "gnu++0x";
				CLANG_CXX_LIBRARY = "libc++";
				CLANG_ENABLE_MODULES = YES;
				CLANG_ENABLE_OBJC_ARC = YES;
				CLANG_WARN_BOOL_CONVERSION = YES;
				CLANG_WARN_CONSTANT_CONVERSION = YES;
				CLANG_WARN_DIRECT_OBJC_ISA_USAGE = YES_ERROR;
				CLANG_WARN_DOCUMENTATION_COMMENTS = YES;
				CLANG_WARN_EMPTY_BODY = YES;
				CLANG_WARN_ENUM_CONVERSION = YES;
				CLANG_WARN_INFINITE_RECURSION = YES;
				CLANG_WARN_INT_CONVERSION = YES;
				CLANG_WARN_OBJC_ROOT_CLASS = YES_ERROR;
				CLANG_WARN_SUSPICIOUS_MOVES = YES;
				CLANG_WARN_UNREACHABLE_CODE = YES;
				CLANG_WARN__DUPLICATE_METHOD_MATCH = YES;
				"CODE_SIGN_IDENTITY[sdk=iphoneos*]" = "iPhone Developer";
				COPY_PHASE_STRIP = NO;
				DEBUG_INFORMATION_FORMAT = dwarf;
				ENABLE_STRICT_OBJC_MSGSEND = YES;
				ENABLE_TESTABILITY = YES;
				GCC_C_LANGUAGE_STANDARD = gnu99;
				GCC_DYNAMIC_NO_PIC = NO;
				GCC_NO_COMMON_BLOCKS = YES;
				GCC_OPTIMIZATION_LEVEL = 0;
				GCC_PREPROCESSOR_DEFINITIONS = (
					"DEBUG=1",
					"$(inherited)",
				);
				GCC_WARN_64_TO_32_BIT_CONVERSION = YES;
				GCC_WARN_ABOUT_RETURN_TYPE = YES_ERROR;
				GCC_WARN_UNDECLARED_SELECTOR = YES;
				GCC_WARN_UNINITIALIZED_AUTOS = YES_AGGRESSIVE;
				GCC_WARN_UNUSED_FUNCTION = YES;
				GCC_WARN_UNUSED_VARIABLE = YES;
				IPHONEOS_DEPLOYMENT_TARGET = 8.0;
				MTL_ENABLE_DEBUG_INFO = YES;
				ONLY_ACTIVE_ARCH = YES;
				SDKROOT = iphoneos;
				TARGETED_DEVICE_FAMILY = "1,2";
			};
			name = Debug;
		};
		A73018FF1D8C401A006C8B64 /* Release */ = {
			isa = XCBuildConfiguration;
			buildSettings = {
				ALWAYS_SEARCH_USER_PATHS = NO;
				CLANG_ANALYZER_NONNULL = YES;
				CLANG_CXX_LANGUAGE_STANDARD = "gnu++0x";
				CLANG_CXX_LIBRARY = "libc++";
				CLANG_ENABLE_MODULES = YES;
				CLANG_ENABLE_OBJC_ARC = YES;
				CLANG_WARN_BOOL_CONVERSION = YES;
				CLANG_WARN_CONSTANT_CONVERSION = YES;
				CLANG_WARN_DIRECT_OBJC_ISA_USAGE = YES_ERROR;
				CLANG_WARN_DOCUMENTATION_COMMENTS = YES;
				CLANG_WARN_EMPTY_BODY = YES;
				CLANG_WARN_ENUM_CONVERSION = YES;
				CLANG_WARN_INFINITE_RECURSION = YES;
				CLANG_WARN_INT_CONVERSION = YES;
				CLANG_WARN_OBJC_ROOT_CLASS = YES_ERROR;
				CLANG_WARN_SUSPICIOUS_MOVES = YES;
				CLANG_WARN_UNREACHABLE_CODE = YES;
				CLANG_WARN__DUPLICATE_METHOD_MATCH = YES;
				"CODE_SIGN_IDENTITY[sdk=iphoneos*]" = "iPhone Developer";
				COPY_PHASE_STRIP = NO;
				DEBUG_INFORMATION_FORMAT = "dwarf-with-dsym";
				ENABLE_NS_ASSERTIONS = NO;
				ENABLE_STRICT_OBJC_MSGSEND = YES;
				GCC_C_LANGUAGE_STANDARD = gnu99;
				GCC_NO_COMMON_BLOCKS = YES;
				GCC_WARN_64_TO_32_BIT_CONVERSION = YES;
				GCC_WARN_ABOUT_RETURN_TYPE = YES_ERROR;
				GCC_WARN_UNDECLARED_SELECTOR = YES;
				GCC_WARN_UNINITIALIZED_AUTOS = YES_AGGRESSIVE;
				GCC_WARN_UNUSED_FUNCTION = YES;
				GCC_WARN_UNUSED_VARIABLE = YES;
				IPHONEOS_DEPLOYMENT_TARGET = 8.0;
				MTL_ENABLE_DEBUG_INFO = NO;
				SDKROOT = iphoneos;
				TARGETED_DEVICE_FAMILY = "1,2";
				VALIDATE_PRODUCT = YES;
			};
			name = Release;
		};
		A73019011D8C401A006C8B64 /* Debug */ = {
			isa = XCBuildConfiguration;
			baseConfigurationReference = 747DFC81668D5EACE7140709 /* Pods-TutorialApplication.debug.xcconfig */;
			buildSettings = {
				ASSETCATALOG_COMPILER_APPICON_NAME = AppIcon;
				DEVELOPMENT_TEAM = KJFB7R3TBL;
				GCC_NO_COMMON_BLOCKS = NO;
				INFOPLIST_FILE = TutorialApplication/Application/Main/Info.plist;
				IPHONEOS_DEPLOYMENT_TARGET = 8.0;
				LD_RUNPATH_SEARCH_PATHS = "$(inherited) @executable_path/Frameworks";
				PRODUCT_BUNDLE_IDENTIFIER = com.flieral.TutorialApplication;
				PRODUCT_NAME = "$(TARGET_NAME)";
			};
			name = Debug;
		};
		A73019021D8C401A006C8B64 /* Release */ = {
			isa = XCBuildConfiguration;
			baseConfigurationReference = 5087DE1C507A411E2776DBC2 /* Pods-TutorialApplication.release.xcconfig */;
			buildSettings = {
				ASSETCATALOG_COMPILER_APPICON_NAME = AppIcon;
				DEVELOPMENT_TEAM = KJFB7R3TBL;
				GCC_NO_COMMON_BLOCKS = NO;
				INFOPLIST_FILE = TutorialApplication/Application/Main/Info.plist;
				IPHONEOS_DEPLOYMENT_TARGET = 8.0;
				LD_RUNPATH_SEARCH_PATHS = "$(inherited) @executable_path/Frameworks";
				PRODUCT_BUNDLE_IDENTIFIER = com.flieral.TutorialApplication;
				PRODUCT_NAME = "$(TARGET_NAME)";
			};
			name = Release;
		};
		A73019041D8C401A006C8B64 /* Debug */ = {
			isa = XCBuildConfiguration;
			baseConfigurationReference = 83AB406B3A82A1568EBD329C /* Pods-TutorialApplicationTests.debug.xcconfig */;
			buildSettings = {
				BUNDLE_LOADER = "$(TEST_HOST)";
				DEVELOPMENT_TEAM = KJFB7R3TBL;
				INFOPLIST_FILE = TutorialApplication/Application/Main/Info.plist;
				LD_RUNPATH_SEARCH_PATHS = "$(inherited) @executable_path/Frameworks @loader_path/Frameworks";
				PRODUCT_BUNDLE_IDENTIFIER = com.flieral.TutorialApplicationTests;
				PRODUCT_NAME = "$(TARGET_NAME)";
				TEST_HOST = "$(BUILT_PRODUCTS_DIR)/TutorialApplication.app/TutorialApplication";
			};
			name = Debug;
		};
		A73019051D8C401A006C8B64 /* Release */ = {
			isa = XCBuildConfiguration;
			baseConfigurationReference = FC6C8F9DE394203EE2EE402B /* Pods-TutorialApplicationTests.release.xcconfig */;
			buildSettings = {
				BUNDLE_LOADER = "$(TEST_HOST)";
				DEVELOPMENT_TEAM = KJFB7R3TBL;
				INFOPLIST_FILE = TutorialApplication/Application/Main/Info.plist;
				LD_RUNPATH_SEARCH_PATHS = "$(inherited) @executable_path/Frameworks @loader_path/Frameworks";
				PRODUCT_BUNDLE_IDENTIFIER = com.flieral.TutorialApplicationTests;
				PRODUCT_NAME = "$(TARGET_NAME)";
				TEST_HOST = "$(BUILT_PRODUCTS_DIR)/TutorialApplication.app/TutorialApplication";
			};
			name = Release;
		};
/* End XCBuildConfiguration section */

/* Begin XCConfigurationList section */
		A73018D91D8C4019006C8B64 /* Build configuration list for PBXProject "TutorialApplication" */ = {
			isa = XCConfigurationList;
			buildConfigurations = (
				A73018FE1D8C401A006C8B64 /* Debug */,
				A73018FF1D8C401A006C8B64 /* Release */,
			);
			defaultConfigurationIsVisible = 0;
			defaultConfigurationName = Release;
		};
		A73019001D8C401A006C8B64 /* Build configuration list for PBXNativeTarget "TutorialApplication" */ = {
			isa = XCConfigurationList;
			buildConfigurations = (
				A73019011D8C401A006C8B64 /* Debug */,
				A73019021D8C401A006C8B64 /* Release */,
			);
			defaultConfigurationIsVisible = 0;
			defaultConfigurationName = Release;
		};
		A73019031D8C401A006C8B64 /* Build configuration list for PBXNativeTarget "TutorialApplicationTests" */ = {
			isa = XCConfigurationList;
			buildConfigurations = (
				A73019041D8C401A006C8B64 /* Debug */,
				A73019051D8C401A006C8B64 /* Release */,
			);
			defaultConfigurationIsVisible = 0;
			defaultConfigurationName = Release;
		};
/* End XCConfigurationList section */
	};
	rootObject = A73018D61D8C4019006C8B64 /* Project object */;
}
